
Microsoft Visual Studio Solution File, Format Version 10.00
# Visual Studio 2008
Project("{FAE04EC0-301F-11D3-BF4B-00C04F79EFBC}") = "guis", "guis\guis.csproj", "{94510828-9E84-4F3B-9051-685D1C4519BE}"
EndProject
Global
	GlobalSection(SolutionConfigurationPlatforms) = preSolution
		Debug|Any CPU = Debug|Any CPU
		Release|Any CPU = Release|Any CPU
	EndGlobalSection
	GlobalSection(ProjectConfigurationPlatforms) = postSolution
		{94510828-9E84-4F3B-9051-685D1C4519BE}.Debug|Any CPU.ActiveCfg = Debug|Any CPU
		{94510828-9E84-4F3B-9051-685D1C4519BE}.Debug|Any CPU.Build.0 = Debug|Any CPU
		{94510828-9E84-4F3B-9051-685D1C4519BE}.Release|Any CPU.ActiveCfg = Release|Any CPU
		{94510828-9E84-4F3B-9051-685D1C4519BE}.Release|Any CPU.Build.0 = Release|Any CPU
	EndGlobalSection
	GlobalSection(SolutionProperties) = preSolution
		HideSolutionNode = FALSE
	EndGlobalSection
EndGlobal
